
Microsoft Visual Studio Solution File, Format Version 12.00
# Visual Studio Version 16
VisualStudioVersion = 16.0.31129.286
MinimumVisualStudioVersion = 10.0.40219.1
Project("{FAE04EC0-301F-11D3-BF4B-00C04F79EFBC}") = "WpfApp8", "WpfApp8\WpfApp8.csproj", "{5C228526-9F3A-42DC-9C53-9AF39AB0D3C8}"
EndProject
Global
	GlobalSection(SolutionConfigurationPlatforms) = preSolution
		Debug|Any CPU = Debug|Any CPU
		Release|Any CPU = Release|Any CPU
	EndGlobalSection
	GlobalSection(ProjectConfigurationPlatforms) = postSolution
		{5C228526-9F3A-42DC-9C53-9AF39AB0D3C8}.Debug|Any CPU.ActiveCfg = Debug|Any CPU
		{5C228526-9F3A-42DC-9C53-9AF39AB0D3C8}.Debug|Any CPU.Build.0 = Debug|Any CPU
		{5C228526-9F3A-42DC-9C53-9AF39AB0D3C8}.Release|Any CPU.ActiveCfg = Release|Any CPU
		{5C228526-9F3A-42DC-9C53-9AF39AB0D3C8}.Release|Any CPU.Build.0 = Release|Any CPU
	EndGlobalSection
	GlobalSection(SolutionProperties) = preSolution
		HideSolutionNode = FALSE
	EndGlobalSection
	GlobalSection(ExtensibilityGlobals) = postSolution
		SolutionGuid = {3DA2AC0C-0327-4AFF-919D-8748A1D4CE30}
	EndGlobalSection
EndGlobal
